
Microsoft Visual Studio Solution File, Format Version 12.00
# Visual Studio 15
VisualStudioVersion = 15.0.27130.2036
MinimumVisualStudioVersion = 10.0.40219.1
Project("{FAE04EC0-301F-11D3-BF4B-00C04F79EFBC}") = "Task_Exception", "Task_Exception.csproj", "{D6EBA282-A77F-46EE-8A3C-E4E497297EAA}"
EndProject
Global
	GlobalSection(SolutionConfigurationPlatforms) = preSolution
		Debug|Any CPU = Debug|Any CPU
		Release|Any CPU = Release|Any CPU
	EndGlobalSection
	GlobalSection(ProjectConfigurationPlatforms) = postSolution
		{D6EBA282-A77F-46EE-8A3C-E4E497297EAA}.Debug|Any CPU.ActiveCfg = Debug|Any CPU
		{D6EBA282-A77F-46EE-8A3C-E4E497297EAA}.Debug|Any CPU.Build.0 = Debug|Any CPU
		{D6EBA282-A77F-46EE-8A3C-E4E497297EAA}.Release|Any CPU.ActiveCfg = Release|Any CPU
		{D6EBA282-A77F-46EE-8A3C-E4E497297EAA}.Release|Any CPU.Build.0 = Release|Any CPU
	EndGlobalSection
	GlobalSection(SolutionProperties) = preSolution
		HideSolutionNode = FALSE
	EndGlobalSection
	GlobalSection(ExtensibilityGlobals) = postSolution
		SolutionGuid = {3FF896C2-ED64-4C05-A3CD-2F5E00B09224}
	EndGlobalSection
EndGlobal
